
Microsoft Visual Studio Solution File, Format Version 12.00
# Visual Studio 2012
Project("{FAE04EC0-301F-11D3-BF4B-00C04F79EFBC}") = "CyberusST", "CyberusST\CyberusST.csproj", "{D947B4BC-7FF7-4D5D-8D47-A0EB0F119960}"
EndProject
Project("{FAE04EC0-301F-11D3-BF4B-00C04F79EFBC}") = "DataLayer", "DataLayer\DataLayer.csproj", "{823DBB06-53CF-441B-9605-0971203B0CF8}"
EndProject
Project("{FAE04EC0-301F-11D3-BF4B-00C04F79EFBC}") = "LogicsLayer", "LogicsLayer\LogicsLayer.csproj", "{BD683245-3C13-4482-96E5-45CCB519A627}"
EndProject
Global
	GlobalSection(SolutionConfigurationPlatforms) = preSolution
		Debug|Any CPU = Debug|Any CPU
		Release|Any CPU = Release|Any CPU
	EndGlobalSection
	GlobalSection(ProjectConfigurationPlatforms) = postSolution
		{D947B4BC-7FF7-4D5D-8D47-A0EB0F119960}.Debug|Any CPU.ActiveCfg = Debug|Any CPU
		{D947B4BC-7FF7-4D5D-8D47-A0EB0F119960}.Debug|Any CPU.Build.0 = Debug|Any CPU
		{D947B4BC-7FF7-4D5D-8D47-A0EB0F119960}.Release|Any CPU.ActiveCfg = Release|Any CPU
		{D947B4BC-7FF7-4D5D-8D47-A0EB0F119960}.Release|Any CPU.Build.0 = Release|Any CPU
		{823DBB06-53CF-441B-9605-0971203B0CF8}.Debug|Any CPU.ActiveCfg = Debug|Any CPU
		{823DBB06-53CF-441B-9605-0971203B0CF8}.Debug|Any CPU.Build.0 = Debug|Any CPU
		{823DBB06-53CF-441B-9605-0971203B0CF8}.Release|Any CPU.ActiveCfg = Release|Any CPU
		{823DBB06-53CF-441B-9605-0971203B0CF8}.Release|Any CPU.Build.0 = Release|Any CPU
		{BD683245-3C13-4482-96E5-45CCB519A627}.Debug|Any CPU.ActiveCfg = Debug|Any CPU
		{BD683245-3C13-4482-96E5-45CCB519A627}.Debug|Any CPU.Build.0 = Debug|Any CPU
		{BD683245-3C13-4482-96E5-45CCB519A627}.Release|Any CPU.ActiveCfg = Release|Any CPU
		{BD683245-3C13-4482-96E5-45CCB519A627}.Release|Any CPU.Build.0 = Release|Any CPU
	EndGlobalSection
	GlobalSection(SolutionProperties) = preSolution
		HideSolutionNode = FALSE
	EndGlobalSection
EndGlobal
